
Microsoft Visual Studio Solution File, Format Version 12.00
#
Project("{FAE04EC0-301F-11D3-BF4B-00C04F79EFBC}") = "SoupBinTCP.NET", "SoupBinTCP.NET\SoupBinTCP.NET.csproj", "{7D6E225C-DC64-4D4A-BA80-A919F40805AA}"
EndProject
Global
	GlobalSection(SolutionConfigurationPlatforms) = preSolution
		Debug|Any CPU = Debug|Any CPU
		Release|Any CPU = Release|Any CPU
	EndGlobalSection
	GlobalSection(ProjectConfigurationPlatforms) = postSolution
		{7D6E225C-DC64-4D4A-BA80-A919F40805AA}.Debug|Any CPU.ActiveCfg = Debug|Any CPU
		{7D6E225C-DC64-4D4A-BA80-A919F40805AA}.Debug|Any CPU.Build.0 = Debug|Any CPU
		{7D6E225C-DC64-4D4A-BA80-A919F40805AA}.Release|Any CPU.ActiveCfg = Release|Any CPU
		{7D6E225C-DC64-4D4A-BA80-A919F40805AA}.Release|Any CPU.Build.0 = Release|Any CPU
	EndGlobalSection
EndGlobal
